// !$*UTF8*$!
{
	archiveVersion = 1;
	classes = {
	};
	objectVersion = 50;
	objects = {

/* Begin PBXBuildFile section */
		3719010524640E7B00B161D8 /* AppDelegate.m in Sources */ = {isa = PBXBuildFile; fileRef = 3719010424640E7B00B161D8 /* AppDelegate.m */; };
		3719010E24640E7B00B161D8 /* Main.storyboard in Resources */ = {isa = PBXBuildFile; fileRef = 3719010C24640E7B00B161D8 /* Main.storyboard */; };
		3719011024640E7B00B161D8 /* Assets.xcassets in Resources */ = {isa = PBXBuildFile; fileRef = 3719010F24640E7B00B161D8 /* Assets.xcassets */; };
		3719011324640E7B00B161D8 /* LaunchScreen.storyboard in Resources */ = {isa = PBXBuildFile; fileRef = 3719011124640E7B00B161D8 /* LaunchScreen.storyboard */; };
		3719011624640E7B00B161D8 /* main.m in Sources */ = {isa = PBXBuildFile; fileRef = 3719011524640E7B00B161D8 /* main.m */; };
		3719011E24640EF100B161D8 /* BaseVC.m in Sources */ = {isa = PBXBuildFile; fileRef = 3719011D24640EF100B161D8 /* BaseVC.m */; };
		3719012124640F9600B161D8 /* BaseView.m in Sources */ = {isa = PBXBuildFile; fileRef = 3719012024640F9600B161D8 /* BaseView.m */; };
		371901232464F2DE00B161D8 /* shaderv.vsh in Resources */ = {isa = PBXBuildFile; fileRef = 371901222464F2DE00B161D8 /* shaderv.vsh */; };
		371901252464F2EC00B161D8 /* shaderf.fsh in Resources */ = {isa = PBXBuildFile; fileRef = 371901242464F2EC00B161D8 /* shaderf.fsh */; };
/* End PBXBuildFile section */

/* Begin PBXFileReference section */
		3719010024640E7B00B161D8 /* OpenGLES-002.app */ = {isa = PBXFileReference; explicitFileType = wrapper.application; includeInIndex = 0; path = "OpenGLES-002.app"; sourceTree = BUILT_PRODUCTS_DIR; };
		3719010324640E7B00B161D8 /* AppDelegate.h */ = {isa = PBXFileReference; lastKnownFileType = sourcecode.c.h; path = AppDelegate.h; sourceTree = "<group>"; };
		3719010424640E7B00B161D8 /* AppDelegate.m */ = {isa = PBXFileReference; lastKnownFileType = sourcecode.c.objc; path = AppDelegate.m; sourceTree = "<group>"; };
		3719010D24640E7B00B161D8 /* Base */ = {isa = PBXFileReference; lastKnownFileType = file.storyboard; name = Base; path = Base.lproj/Main.storyboard; sourceTree = "<group>"; };
		3719010F24640E7B00B161D8 /* Assets.xcassets */ = {isa = PBXFileReference; lastKnownFileType = folder.assetcatalog; path = Assets.xcassets; sourceTree = "<group>"; };
		3719011224640E7B00B161D8 /* Base */ = {isa = PBXFileReference; lastKnownFileType = file.storyboard; name = Base; path = Base.lproj/LaunchScreen.storyboard; sourceTree = "<group>"; };
		3719011424640E7B00B161D8 /* Info.plist */ = {isa = PBXFileReference; lastKnownFileType = text.plist.xml; path = Info.plist; sourceTree = "<group>"; };
		3719011524640E7B00B161D8 /* main.m */ = {isa = PBXFileReference; lastKnownFileType = sourcecode.c.objc; path = main.m; sourceTree = "<group>"; };
		3719011C24640EF100B161D8 /* BaseVC.h */ = {isa = PBXFileReference; lastKnownFileType = sourcecode.c.h; path = BaseVC.h; sourceTree = "<group>"; };
		3719011D24640EF100B161D8 /* BaseVC.m */ = {isa = PBXFileReference; lastKnownFileType = sourcecode.c.objc; path = BaseVC.m; sourceTree = "<group>"; };
		3719011F24640F9600B161D8 /* BaseView.h */ = {isa = PBXFileReference; lastKnownFileType = sourcecode.c.h; path = BaseView.h; sourceTree = "<group>"; };
		3719012024640F9600B161D8 /* BaseView.m */ = {isa = PBXFileReference; lastKnownFileType = sourcecode.c.objc; path = BaseView.m; sourceTree = "<group>"; };
		371901222464F2DE00B161D8 /* shaderv.vsh */ = {isa = PBXFileReference; lastKnownFileType = sourcecode.glsl; path = shaderv.vsh; sourceTree = "<group>"; };
		371901242464F2EC00B161D8 /* shaderf.fsh */ = {isa = PBXFileReference; lastKnownFileType = sourcecode.glsl; path = shaderf.fsh; sourceTree = "<group>"; };
/* End PBXFileReference section */

/* Begin PBXFrameworksBuildPhase section */
		371900FD24640E7B00B161D8 /* Frameworks */ = {
			isa = PBXFrameworksBuildPhase;
			buildActionMask = 2147483647;
			files = (
			);
			runOnlyForDeploymentPostprocessing = 0;
		};
/* End PBXFrameworksBuildPhase section */

/* Begin PBXGroup section */
		371900F724640E7B00B161D8 = {
			isa = PBXGroup;
			children = (
				3719010224640E7B00B161D8 /* OpenGLES-002 */,
				3719010124640E7B00B161D8 /* Products */,
			);
			sourceTree = "<group>";
		};
		3719010124640E7B00B161D8 /* Products */ = {
			isa = PBXGroup;
			children = (
				3719010024640E7B00B161D8 /* OpenGLES-002.app */,
			);
			name = Products;
			sourceTree = "<group>";
		};
		3719010224640E7B00B161D8 /* OpenGLES-002 */ = {
			isa = PBXGroup;
			children = (
				3719010324640E7B00B161D8 /* AppDelegate.h */,
				3719010424640E7B00B161D8 /* AppDelegate.m */,
				3719011C24640EF100B161D8 /* BaseVC.h */,
				3719011D24640EF100B161D8 /* BaseVC.m */,
				3719011F24640F9600B161D8 /* BaseView.h */,
				3719012024640F9600B161D8 /* BaseView.m */,
				371901222464F2DE00B161D8 /* shaderv.vsh */,
				371901242464F2EC00B161D8 /* shaderf.fsh */,
				3719010C24640E7B00B161D8 /* Main.storyboard */,
				3719010F24640E7B00B161D8 /* Assets.xcassets */,
				3719011124640E7B00B161D8 /* LaunchScreen.storyboard */,
				3719011424640E7B00B161D8 /* Info.plist */,
				3719011524640E7B00B161D8 /* main.m */,
			);
			path = "OpenGLES-002";
			sourceTree = "<group>";
		};
/* End PBXGroup section */

/* Begin PBXNativeTarget section */
		371900FF24640E7B00B161D8 /* OpenGLES-002 */ = {
			isa = PBXNativeTarget;
			buildConfigurationList = 3719011924640E7B00B161D8 /* Build configuration list for PBXNativeTarget "OpenGLES-002" */;
			buildPhases = (
				371900FC24640E7B00B161D8 /* Sources */,
				371900FD24640E7B00B161D8 /* Frameworks */,
				371900FE24640E7B00B161D8 /* Resources */,
			);
			buildRules = (
			);
			dependencies = (
			);
			name = "OpenGLES-002";
			productName = "OpenGLES-002";
			productReference = 3719010024640E7B00B161D8 /* OpenGLES-002.app */;
			productType = "com.apple.product-type.application";
		};
/* End PBXNativeTarget section */

/* Begin PBXProject section */
		371900F824640E7B00B161D8 /* Project object */ = {
			isa = PBXProject;
			attributes = {
				LastUpgradeCheck = 1130;
				ORGANIZATIONNAME = "段雨田";
				TargetAttributes = {
					371900FF24640E7B00B161D8 = {
						CreatedOnToolsVersion = 11.3.1;
					};
				};
			};
			buildConfigurationList = 371900FB24640E7B00B161D8 /* Build configuration list for PBXProject "OpenGLES-002" */;
			compatibilityVersion = "Xcode 9.3";
			developmentRegion = en;
			hasScannedForEncodings = 0;
			knownRegions = (
				en,
				Base,
			);
			mainGroup = 371900F724640E7B00B161D8;
			productRefGroup = 3719010124640E7B00B161D8 /* Products */;
			projectDirPath = "";
			projectRoot = "";
			targets = (
				371900FF24640E7B00B161D8 /* OpenGLES-002 */,
			);
		};
/* End PBXProject section */

/* Begin PBXResourcesBuildPhase section */
		371900FE24640E7B00B161D8 /* Resources */ = {
			isa = PBXResourcesBuildPhase;
			buildActionMask = 2147483647;
			files = (
				371901252464F2EC00B161D8 /* shaderf.fsh in Resources */,
				371901232464F2DE00B161D8 /* shaderv.vsh in Resources */,
				3719011324640E7B00B161D8 /* LaunchScreen.storyboard in Resources */,
				3719011024640E7B00B161D8 /* Assets.xcassets in Resources */,
				3719010E24640E7B00B161D8 /* Main.storyboard in Resources */,
			);
			runOnlyForDeploymentPostprocessing = 0;
		};
/* End PBXResourcesBuildPhase section */

/* Begin PBXSourcesBuildPhase section */
		371900FC24640E7B00B161D8 /* Sources */ = {
			isa = PBXSourcesBuildPhase;
			buildActionMask = 2147483647;
			files = (
				3719010524640E7B00B161D8 /* AppDelegate.m in Sources */,
				3719011624640E7B00B161D8 /* main.m in Sources */,
				3719011E24640EF100B161D8 /* BaseVC.m in Sources */,
				3719012124640F9600B161D8 /* BaseView.m in Sources */,
			);
			runOnlyForDeploymentPostprocessing = 0;
		};
/* End PBXSourcesBuildPhase section */

/* Begin PBXVariantGroup section */
		3719010C24640E7B00B161D8 /* Main.storyboard */ = {
			isa = PBXVariantGroup;
			children = (
				3719010D24640E7B00B161D8 /* Base */,
			);
			name = Main.storyboard;
			sourceTree = "<group>";
		};
		3719011124640E7B00B161D8 /* LaunchScreen.storyboard */ = {
			isa = PBXVariantGroup;
			children = (
				3719011224640E7B00B161D8 /* Base */,
			);
			name = LaunchScreen.storyboard;
			sourceTree = "<group>";
		};
/* End PBXVariantGroup section */

/* Begin XCBuildConfiguration section */
		3719011724640E7B00B161D8 /* Debug */ = {
			isa = XCBuildConfiguration;
			buildSettings = {
				ALWAYS_SEARCH_USER_PATHS = NO;
				CLANG_ANALYZER_NONNULL = YES;
				CLANG_ANALYZER_NUMBER_OBJECT_CONVERSION = YES_AGGRESSIVE;
				CLANG_CXX_LANGUAGE_STANDARD = "gnu++14";
				CLANG_CXX_LIBRARY = "libc++";
				CLANG_ENABLE_MODULES = YES;
				CLANG_ENABLE_OBJC_ARC = YES;
				CLANG_ENABLE_OBJC_WEAK = YES;
				CLANG_WARN_BLOCK_CAPTURE_AUTORELEASING = YES;
				CLANG_WARN_BOOL_CONVERSION = YES;
				CLANG_WARN_COMMA = YES;
				CLANG_WARN_CONSTANT_CONVERSION = YES;
				CLANG_WARN_DEPRECATED_OBJC_IMPLEMENTATIONS = YES;
				CLANG_WARN_DIRECT_OBJC_ISA_USAGE = YES_ERROR;
				CLANG_WARN_DOCUMENTATION_COMMENTS = YES;
				CLANG_WARN_EMPTY_BODY = YES;
				CLANG_WARN_ENUM_CONVERSION = YES;
				CLANG_WARN_INFINITE_RECURSION = YES;
				CLANG_WARN_INT_CONVERSION = YES;
				CLANG_WARN_NON_LITERAL_NULL_CONVERSION = YES;
				CLANG_WARN_OBJC_IMPLICIT_RETAIN_SELF = YES;
				CLANG_WARN_OBJC_LITERAL_CONVERSION = YES;
				CLANG_WARN_OBJC_ROOT_CLASS = YES_ERROR;
				CLANG_WARN_RANGE_LOOP_ANALYSIS = YES;
				CLANG_WARN_STRICT_PROTOTYPES = YES;
				CLANG_WARN_SUSPICIOUS_MOVE = YES;
				CLANG_WARN_UNGUARDED_AVAILABILITY = YES_AGGRESSIVE;
				CLANG_WARN_UNREACHABLE_CODE = YES;
				CLANG_WARN__DUPLICATE_METHOD_MATCH = YES;
				COPY_PHASE_STRIP = NO;
				DEBUG_INFORMATION_FORMAT = dwarf;
				ENABLE_STRICT_OBJC_MSGSEND = YES;
				ENABLE_TESTABILITY = YES;
				GCC_C_LANGUAGE_STANDARD = gnu11;
				GCC_DYNAMIC_NO_PIC = NO;
				GCC_NO_COMMON_BLOCKS = YES;
				GCC_OPTIMIZATION_LEVEL = 0;
				GCC_PREPROCESSOR_DEFINITIONS = (
					"DEBUG=1",
					"$(inherited)",
				);
				GCC_WARN_64_TO_32_BIT_CONVERSION = YES;
				GCC_WARN_ABOUT_RETURN_TYPE = YES_ERROR;
				GCC_WARN_UNDECLARED_SELECTOR = YES;
				GCC_WARN_UNINITIALIZED_AUTOS = YES_AGGRESSIVE;
				GCC_WARN_UNUSED_FUNCTION = YES;
				GCC_WARN_UNUSED_VARIABLE = YES;
				IPHONEOS_DEPLOYMENT_TARGET = 13.2;
				MTL_ENABLE_DEBUG_INFO = INCLUDE_SOURCE;
				MTL_FAST_MATH = YES;
				ONLY_ACTIVE_ARCH = YES;
				SDKROOT = iphoneos;
			};
			name = Debug;
		};
		3719011824640E7B00B161D8 /* Release */ = {
			isa = XCBuildConfiguration;
			buildSettings = {
				ALWAYS_SEARCH_USER_PATHS = NO;
				CLANG_ANALYZER_NONNULL = YES;
				CLANG_ANALYZER_NUMBER_OBJECT_CONVERSION = YES_AGGRESSIVE;
				CLANG_CXX_LANGUAGE_STANDARD = "gnu++14";
				CLANG_CXX_LIBRARY = "libc++";
				CLANG_ENABLE_MODULES = YES;
				CLANG_ENABLE_OBJC_ARC = YES;
				CLANG_ENABLE_OBJC_WEAK = YES;
				CLANG_WARN_BLOCK_CAPTURE_AUTORELEASING = YES;
				CLANG_WARN_BOOL_CONVERSION = YES;
				CLANG_WARN_COMMA = YES;
				CLANG_WARN_CONSTANT_CONVERSION = YES;
				CLANG_WARN_DEPRECATED_OBJC_IMPLEMENTATIONS = YES;
				CLANG_WARN_DIRECT_OBJC_ISA_USAGE = YES_ERROR;
				CLANG_WARN_DOCUMENTATION_COMMENTS = YES;
				CLANG_WARN_EMPTY_BODY = YES;
				CLANG_WARN_ENUM_CONVERSION = YES;
				CLANG_WARN_INFINITE_RECURSION = YES;
				CLANG_WARN_INT_CONVERSION = YES;
				CLANG_WARN_NON_LITERAL_NULL_CONVERSION = YES;
				CLANG_WARN_OBJC_IMPLICIT_RETAIN_SELF = YES;
				CLANG_WARN_OBJC_LITERAL_CONVERSION = YES;
				CLANG_WARN_OBJC_ROOT_CLASS = YES_ERROR;
				CLANG_WARN_RANGE_LOOP_ANALYSIS = YES;
				CLANG_WARN_STRICT_PROTOTYPES = YES;
				CLANG_WARN_SUSPICIOUS_MOVE = YES;
				CLANG_WARN_UNGUARDED_AVAILABILITY = YES_AGGRESSIVE;
				CLANG_WARN_UNREACHABLE_CODE = YES;
				CLANG_WARN__DUPLICATE_METHOD_MATCH = YES;
				COPY_PHASE_STRIP = NO;
				DEBUG_INFORMATION_FORMAT = "dwarf-with-dsym";
				ENABLE_NS_ASSERTIONS = NO;
				ENABLE_STRICT_OBJC_MSGSEND = YES;
				GCC_C_LANGUAGE_STANDARD = gnu11;
				GCC_NO_COMMON_BLOCKS = YES;
				GCC_WARN_64_TO_32_BIT_CONVERSION = YES;
				GCC_WARN_ABOUT_RETURN_TYPE = YES_ERROR;
				GCC_WARN_UNDECLARED_SELECTOR = YES;
				GCC_WARN_UNINITIALIZED_AUTOS = YES_AGGRESSIVE;
				GCC_WARN_UNUSED_FUNCTION = YES;
				GCC_WARN_UNUSED_VARIABLE = YES;
				IPHONEOS_DEPLOYMENT_TARGET = 13.2;
				MTL_ENABLE_DEBUG_INFO = NO;
				MTL_FAST_MATH = YES;
				SDKROOT = iphoneos;
				VALIDATE_PRODUCT = YES;
			};
			name = Release;
		};
		3719011A24640E7B00B161D8 /* Debug */ = {
			isa = XCBuildConfiguration;
			buildSettings = {
				ASSETCATALOG_COMPILER_APPICON_NAME = AppIcon;
				CODE_SIGN_STYLE = Automatic;
				INFOPLIST_FILE = "OpenGLES-002/Info.plist";
				IPHONEOS_DEPLOYMENT_TARGET = 10.3;
				LD_RUNPATH_SEARCH_PATHS = (
					"$(inherited)",
					"@executable_path/Frameworks",
				);
				PRODUCT_BUNDLE_IDENTIFIER = "LingZhu.OpenGLES-002";
				PRODUCT_NAME = "$(TARGET_NAME)";
				TARGETED_DEVICE_FAMILY = 1;
			};
			name = Debug;
		};
		3719011B24640E7B00B161D8 /* Release */ = {
			isa = XCBuildConfiguration;
			buildSettings = {
				ASSETCATALOG_COMPILER_APPICON_NAME = AppIcon;
				CODE_SIGN_STYLE = Automatic;
				INFOPLIST_FILE = "OpenGLES-002/Info.plist";
				IPHONEOS_DEPLOYMENT_TARGET = 10.3;
				LD_RUNPATH_SEARCH_PATHS = (
					"$(inherited)",
					"@executable_path/Frameworks",
				);
				PRODUCT_BUNDLE_IDENTIFIER = "LingZhu.OpenGLES-002";
				PRODUCT_NAME = "$(TARGET_NAME)";
				TARGETED_DEVICE_FAMILY = 1;
			};
			name = Release;
		};
/* End XCBuildConfiguration section */

/* Begin XCConfigurationList section */
		371900FB24640E7B00B161D8 /* Build configuration list for PBXProject "OpenGLES-002" */ = {
			isa = XCConfigurationList;
			buildConfigurations = (
				3719011724640E7B00B161D8 /* Debug */,
				3719011824640E7B00B161D8 /* Release */,
			);
			defaultConfigurationIsVisible = 0;
			defaultConfigurationName = Release;
		};
		3719011924640E7B00B161D8 /* Build configuration list for PBXNativeTarget "OpenGLES-002" */ = {
			isa = XCConfigurationList;
			buildConfigurations = (
				3719011A24640E7B00B161D8 /* Debug */,
				3719011B24640E7B00B161D8 /* Release */,
			);
			defaultConfigurationIsVisible = 0;
			defaultConfigurationName = Release;
		};
/* End XCConfigurationList section */
	};
	rootObject = 371900F824640E7B00B161D8 /* Project object */;
}
