// !$*UTF8*$!
{
	archiveVersion = 1;
	classes = {
	};
	objectVersion = 50;
	objects = {

/* Begin PBXBuildFile section */
		37F20680246653610046E658 /* AppDelegate.m in Sources */ = {isa = PBXBuildFile; fileRef = 37F2067F246653610046E658 /* AppDelegate.m */; };
		37F20686246653610046E658 /* ViewController.m in Sources */ = {isa = PBXBuildFile; fileRef = 37F20685246653610046E658 /* ViewController.m */; };
		37F20689246653610046E658 /* Main.storyboard in Resources */ = {isa = PBXBuildFile; fileRef = 37F20687246653610046E658 /* Main.storyboard */; };
		37F2068B246653620046E658 /* Assets.xcassets in Resources */ = {isa = PBXBuildFile; fileRef = 37F2068A246653620046E658 /* Assets.xcassets */; };
		37F2068E246653620046E658 /* LaunchScreen.storyboard in Resources */ = {isa = PBXBuildFile; fileRef = 37F2068C246653620046E658 /* LaunchScreen.storyboard */; };
		37F20691246653620046E658 /* main.m in Sources */ = {isa = PBXBuildFile; fileRef = 37F20690246653620046E658 /* main.m */; };
		37F2069F246655460046E658 /* GLESUtils.m in Sources */ = {isa = PBXBuildFile; fileRef = 37F20698246655460046E658 /* GLESUtils.m */; };
		37F206A0246655460046E658 /* GLESMath.c in Sources */ = {isa = PBXBuildFile; fileRef = 37F2069A246655460046E658 /* GLESMath.c */; };
		37F206A1246655460046E658 /* cTest.jpg in Resources */ = {isa = PBXBuildFile; fileRef = 37F2069E246655460046E658 /* cTest.jpg */; };
		37F206A4246655B90046E658 /* BaseView.m in Sources */ = {isa = PBXBuildFile; fileRef = 37F206A3246655B90046E658 /* BaseView.m */; };
		37F206A624667A860046E658 /* shaderv.vsh in Resources */ = {isa = PBXBuildFile; fileRef = 37F206A524667A860046E658 /* shaderv.vsh */; };
		37F206A824667A930046E658 /* shaderf.fsh in Resources */ = {isa = PBXBuildFile; fileRef = 37F206A724667A930046E658 /* shaderf.fsh */; };
/* End PBXBuildFile section */

/* Begin PBXFileReference section */
		37F2067B246653610046E658 /* OpenGLES-003.app */ = {isa = PBXFileReference; explicitFileType = wrapper.application; includeInIndex = 0; path = "OpenGLES-003.app"; sourceTree = BUILT_PRODUCTS_DIR; };
		37F2067E246653610046E658 /* AppDelegate.h */ = {isa = PBXFileReference; lastKnownFileType = sourcecode.c.h; path = AppDelegate.h; sourceTree = "<group>"; };
		37F2067F246653610046E658 /* AppDelegate.m */ = {isa = PBXFileReference; lastKnownFileType = sourcecode.c.objc; path = AppDelegate.m; sourceTree = "<group>"; };
		37F20684246653610046E658 /* ViewController.h */ = {isa = PBXFileReference; lastKnownFileType = sourcecode.c.h; path = ViewController.h; sourceTree = "<group>"; };
		37F20685246653610046E658 /* ViewController.m */ = {isa = PBXFileReference; lastKnownFileType = sourcecode.c.objc; path = ViewController.m; sourceTree = "<group>"; };
		37F20688246653610046E658 /* Base */ = {isa = PBXFileReference; lastKnownFileType = file.storyboard; name = Base; path = Base.lproj/Main.storyboard; sourceTree = "<group>"; };
		37F2068A246653620046E658 /* Assets.xcassets */ = {isa = PBXFileReference; lastKnownFileType = folder.assetcatalog; path = Assets.xcassets; sourceTree = "<group>"; };
		37F2068D246653620046E658 /* Base */ = {isa = PBXFileReference; lastKnownFileType = file.storyboard; name = Base; path = Base.lproj/LaunchScreen.storyboard; sourceTree = "<group>"; };
		37F2068F246653620046E658 /* Info.plist */ = {isa = PBXFileReference; lastKnownFileType = text.plist.xml; path = Info.plist; sourceTree = "<group>"; };
		37F20690246653620046E658 /* main.m */ = {isa = PBXFileReference; lastKnownFileType = sourcecode.c.objc; path = main.m; sourceTree = "<group>"; };
		37F20698246655460046E658 /* GLESUtils.m */ = {isa = PBXFileReference; fileEncoding = 4; lastKnownFileType = sourcecode.c.objc; path = GLESUtils.m; sourceTree = "<group>"; };
		37F20699246655460046E658 /* Quaternion.h */ = {isa = PBXFileReference; fileEncoding = 4; lastKnownFileType = sourcecode.c.h; path = Quaternion.h; sourceTree = "<group>"; };
		37F2069A246655460046E658 /* GLESMath.c */ = {isa = PBXFileReference; fileEncoding = 4; lastKnownFileType = sourcecode.c.c; path = GLESMath.c; sourceTree = "<group>"; };
		37F2069B246655460046E658 /* GLESUtils.h */ = {isa = PBXFileReference; fileEncoding = 4; lastKnownFileType = sourcecode.c.h; path = GLESUtils.h; sourceTree = "<group>"; };
		37F2069C246655460046E658 /* Vector.h */ = {isa = PBXFileReference; fileEncoding = 4; lastKnownFileType = sourcecode.c.h; path = Vector.h; sourceTree = "<group>"; };
		37F2069D246655460046E658 /* GLESMath.h */ = {isa = PBXFileReference; fileEncoding = 4; lastKnownFileType = sourcecode.c.h; path = GLESMath.h; sourceTree = "<group>"; };
		37F2069E246655460046E658 /* cTest.jpg */ = {isa = PBXFileReference; lastKnownFileType = image.jpeg; path = cTest.jpg; sourceTree = "<group>"; };
		37F206A2246655B90046E658 /* BaseView.h */ = {isa = PBXFileReference; lastKnownFileType = sourcecode.c.h; path = BaseView.h; sourceTree = "<group>"; };
		37F206A3246655B90046E658 /* BaseView.m */ = {isa = PBXFileReference; lastKnownFileType = sourcecode.c.objc; path = BaseView.m; sourceTree = "<group>"; };
		37F206A524667A860046E658 /* shaderv.vsh */ = {isa = PBXFileReference; lastKnownFileType = sourcecode.glsl; path = shaderv.vsh; sourceTree = "<group>"; };
		37F206A724667A930046E658 /* shaderf.fsh */ = {isa = PBXFileReference; lastKnownFileType = sourcecode.glsl; path = shaderf.fsh; sourceTree = "<group>"; };
/* End PBXFileReference section */

/* Begin PBXFrameworksBuildPhase section */
		37F20678246653610046E658 /* Frameworks */ = {
			isa = PBXFrameworksBuildPhase;
			buildActionMask = 2147483647;
			files = (
			);
			runOnlyForDeploymentPostprocessing = 0;
		};
/* End PBXFrameworksBuildPhase section */

/* Begin PBXGroup section */
		37F20672246653610046E658 = {
			isa = PBXGroup;
			children = (
				37F2067D246653610046E658 /* OpenGLES-003 */,
				37F2067C246653610046E658 /* Products */,
			);
			sourceTree = "<group>";
		};
		37F2067C246653610046E658 /* Products */ = {
			isa = PBXGroup;
			children = (
				37F2067B246653610046E658 /* OpenGLES-003.app */,
			);
			name = Products;
			sourceTree = "<group>";
		};
		37F2067D246653610046E658 /* OpenGLES-003 */ = {
			isa = PBXGroup;
			children = (
				37F2067E246653610046E658 /* AppDelegate.h */,
				37F2067F246653610046E658 /* AppDelegate.m */,
				37F20684246653610046E658 /* ViewController.h */,
				37F20685246653610046E658 /* ViewController.m */,
				37F206A2246655B90046E658 /* BaseView.h */,
				37F206A3246655B90046E658 /* BaseView.m */,
				37F206A524667A860046E658 /* shaderv.vsh */,
				37F206A724667A930046E658 /* shaderf.fsh */,
				37F2069E246655460046E658 /* cTest.jpg */,
				37F20697246655460046E658 /* Utils */,
				37F20687246653610046E658 /* Main.storyboard */,
				37F2068A246653620046E658 /* Assets.xcassets */,
				37F2068C246653620046E658 /* LaunchScreen.storyboard */,
				37F2068F246653620046E658 /* Info.plist */,
				37F20690246653620046E658 /* main.m */,
			);
			path = "OpenGLES-003";
			sourceTree = "<group>";
		};
		37F20697246655460046E658 /* Utils */ = {
			isa = PBXGroup;
			children = (
				37F2069A246655460046E658 /* GLESMath.c */,
				37F2069D246655460046E658 /* GLESMath.h */,
				37F2069B246655460046E658 /* GLESUtils.h */,
				37F20698246655460046E658 /* GLESUtils.m */,
				37F20699246655460046E658 /* Quaternion.h */,
				37F2069C246655460046E658 /* Vector.h */,
			);
			path = Utils;
			sourceTree = "<group>";
		};
/* End PBXGroup section */

/* Begin PBXNativeTarget section */
		37F2067A246653610046E658 /* OpenGLES-003 */ = {
			isa = PBXNativeTarget;
			buildConfigurationList = 37F20694246653620046E658 /* Build configuration list for PBXNativeTarget "OpenGLES-003" */;
			buildPhases = (
				37F20677246653610046E658 /* Sources */,
				37F20678246653610046E658 /* Frameworks */,
				37F20679246653610046E658 /* Resources */,
			);
			buildRules = (
			);
			dependencies = (
			);
			name = "OpenGLES-003";
			productName = "OpenGLES-003";
			productReference = 37F2067B246653610046E658 /* OpenGLES-003.app */;
			productType = "com.apple.product-type.application";
		};
/* End PBXNativeTarget section */

/* Begin PBXProject section */
		37F20673246653610046E658 /* Project object */ = {
			isa = PBXProject;
			attributes = {
				LastUpgradeCheck = 1130;
				ORGANIZATIONNAME = "段雨田";
				TargetAttributes = {
					37F2067A246653610046E658 = {
						CreatedOnToolsVersion = 11.3.1;
					};
				};
			};
			buildConfigurationList = 37F20676246653610046E658 /* Build configuration list for PBXProject "OpenGLES-003" */;
			compatibilityVersion = "Xcode 9.3";
			developmentRegion = en;
			hasScannedForEncodings = 0;
			knownRegions = (
				en,
				Base,
			);
			mainGroup = 37F20672246653610046E658;
			productRefGroup = 37F2067C246653610046E658 /* Products */;
			projectDirPath = "";
			projectRoot = "";
			targets = (
				37F2067A246653610046E658 /* OpenGLES-003 */,
			);
		};
/* End PBXProject section */

/* Begin PBXResourcesBuildPhase section */
		37F20679246653610046E658 /* Resources */ = {
			isa = PBXResourcesBuildPhase;
			buildActionMask = 2147483647;
			files = (
				37F206A624667A860046E658 /* shaderv.vsh in Resources */,
				37F2068E246653620046E658 /* LaunchScreen.storyboard in Resources */,
				37F2068B246653620046E658 /* Assets.xcassets in Resources */,
				37F206A824667A930046E658 /* shaderf.fsh in Resources */,
				37F20689246653610046E658 /* Main.storyboard in Resources */,
				37F206A1246655460046E658 /* cTest.jpg in Resources */,
			);
			runOnlyForDeploymentPostprocessing = 0;
		};
/* End PBXResourcesBuildPhase section */

/* Begin PBXSourcesBuildPhase section */
		37F20677246653610046E658 /* Sources */ = {
			isa = PBXSourcesBuildPhase;
			buildActionMask = 2147483647;
			files = (
				37F20686246653610046E658 /* ViewController.m in Sources */,
				37F20680246653610046E658 /* AppDelegate.m in Sources */,
				37F206A0246655460046E658 /* GLESMath.c in Sources */,
				37F2069F246655460046E658 /* GLESUtils.m in Sources */,
				37F20691246653620046E658 /* main.m in Sources */,
				37F206A4246655B90046E658 /* BaseView.m in Sources */,
			);
			runOnlyForDeploymentPostprocessing = 0;
		};
/* End PBXSourcesBuildPhase section */

/* Begin PBXVariantGroup section */
		37F20687246653610046E658 /* Main.storyboard */ = {
			isa = PBXVariantGroup;
			children = (
				37F20688246653610046E658 /* Base */,
			);
			name = Main.storyboard;
			sourceTree = "<group>";
		};
		37F2068C246653620046E658 /* LaunchScreen.storyboard */ = {
			isa = PBXVariantGroup;
			children = (
				37F2068D246653620046E658 /* Base */,
			);
			name = LaunchScreen.storyboard;
			sourceTree = "<group>";
		};
/* End PBXVariantGroup section */

/* Begin XCBuildConfiguration section */
		37F20692246653620046E658 /* Debug */ = {
			isa = XCBuildConfiguration;
			buildSettings = {
				ALWAYS_SEARCH_USER_PATHS = NO;
				CLANG_ANALYZER_NONNULL = YES;
				CLANG_ANALYZER_NUMBER_OBJECT_CONVERSION = YES_AGGRESSIVE;
				CLANG_CXX_LANGUAGE_STANDARD = "gnu++14";
				CLANG_CXX_LIBRARY = "libc++";
				CLANG_ENABLE_MODULES = YES;
				CLANG_ENABLE_OBJC_ARC = YES;
				CLANG_ENABLE_OBJC_WEAK = YES;
				CLANG_WARN_BLOCK_CAPTURE_AUTORELEASING = YES;
				CLANG_WARN_BOOL_CONVERSION = YES;
				CLANG_WARN_COMMA = YES;
				CLANG_WARN_CONSTANT_CONVERSION = YES;
				CLANG_WARN_DEPRECATED_OBJC_IMPLEMENTATIONS = YES;
				CLANG_WARN_DIRECT_OBJC_ISA_USAGE = YES_ERROR;
				CLANG_WARN_DOCUMENTATION_COMMENTS = YES;
				CLANG_WARN_EMPTY_BODY = YES;
				CLANG_WARN_ENUM_CONVERSION = YES;
				CLANG_WARN_INFINITE_RECURSION = YES;
				CLANG_WARN_INT_CONVERSION = YES;
				CLANG_WARN_NON_LITERAL_NULL_CONVERSION = YES;
				CLANG_WARN_OBJC_IMPLICIT_RETAIN_SELF = YES;
				CLANG_WARN_OBJC_LITERAL_CONVERSION = YES;
				CLANG_WARN_OBJC_ROOT_CLASS = YES_ERROR;
				CLANG_WARN_RANGE_LOOP_ANALYSIS = YES;
				CLANG_WARN_STRICT_PROTOTYPES = YES;
				CLANG_WARN_SUSPICIOUS_MOVE = YES;
				CLANG_WARN_UNGUARDED_AVAILABILITY = YES_AGGRESSIVE;
				CLANG_WARN_UNREACHABLE_CODE = YES;
				CLANG_WARN__DUPLICATE_METHOD_MATCH = YES;
				COPY_PHASE_STRIP = NO;
				DEBUG_INFORMATION_FORMAT = dwarf;
				ENABLE_STRICT_OBJC_MSGSEND = YES;
				ENABLE_TESTABILITY = YES;
				GCC_C_LANGUAGE_STANDARD = gnu11;
				GCC_DYNAMIC_NO_PIC = NO;
				GCC_NO_COMMON_BLOCKS = YES;
				GCC_OPTIMIZATION_LEVEL = 0;
				GCC_PREPROCESSOR_DEFINITIONS = (
					"DEBUG=1",
					"$(inherited)",
				);
				GCC_WARN_64_TO_32_BIT_CONVERSION = YES;
				GCC_WARN_ABOUT_RETURN_TYPE = YES_ERROR;
				GCC_WARN_UNDECLARED_SELECTOR = YES;
				GCC_WARN_UNINITIALIZED_AUTOS = YES_AGGRESSIVE;
				GCC_WARN_UNUSED_FUNCTION = YES;
				GCC_WARN_UNUSED_VARIABLE = YES;
				IPHONEOS_DEPLOYMENT_TARGET = 13.2;
				MTL_ENABLE_DEBUG_INFO = INCLUDE_SOURCE;
				MTL_FAST_MATH = YES;
				ONLY_ACTIVE_ARCH = YES;
				SDKROOT = iphoneos;
			};
			name = Debug;
		};
		37F20693246653620046E658 /* Release */ = {
			isa = XCBuildConfiguration;
			buildSettings = {
				ALWAYS_SEARCH_USER_PATHS = NO;
				CLANG_ANALYZER_NONNULL = YES;
				CLANG_ANALYZER_NUMBER_OBJECT_CONVERSION = YES_AGGRESSIVE;
				CLANG_CXX_LANGUAGE_STANDARD = "gnu++14";
				CLANG_CXX_LIBRARY = "libc++";
				CLANG_ENABLE_MODULES = YES;
				CLANG_ENABLE_OBJC_ARC = YES;
				CLANG_ENABLE_OBJC_WEAK = YES;
				CLANG_WARN_BLOCK_CAPTURE_AUTORELEASING = YES;
				CLANG_WARN_BOOL_CONVERSION = YES;
				CLANG_WARN_COMMA = YES;
				CLANG_WARN_CONSTANT_CONVERSION = YES;
				CLANG_WARN_DEPRECATED_OBJC_IMPLEMENTATIONS = YES;
				CLANG_WARN_DIRECT_OBJC_ISA_USAGE = YES_ERROR;
				CLANG_WARN_DOCUMENTATION_COMMENTS = YES;
				CLANG_WARN_EMPTY_BODY = YES;
				CLANG_WARN_ENUM_CONVERSION = YES;
				CLANG_WARN_INFINITE_RECURSION = YES;
				CLANG_WARN_INT_CONVERSION = YES;
				CLANG_WARN_NON_LITERAL_NULL_CONVERSION = YES;
				CLANG_WARN_OBJC_IMPLICIT_RETAIN_SELF = YES;
				CLANG_WARN_OBJC_LITERAL_CONVERSION = YES;
				CLANG_WARN_OBJC_ROOT_CLASS = YES_ERROR;
				CLANG_WARN_RANGE_LOOP_ANALYSIS = YES;
				CLANG_WARN_STRICT_PROTOTYPES = YES;
				CLANG_WARN_SUSPICIOUS_MOVE = YES;
				CLANG_WARN_UNGUARDED_AVAILABILITY = YES_AGGRESSIVE;
				CLANG_WARN_UNREACHABLE_CODE = YES;
				CLANG_WARN__DUPLICATE_METHOD_MATCH = YES;
				COPY_PHASE_STRIP = NO;
				DEBUG_INFORMATION_FORMAT = "dwarf-with-dsym";
				ENABLE_NS_ASSERTIONS = NO;
				ENABLE_STRICT_OBJC_MSGSEND = YES;
				GCC_C_LANGUAGE_STANDARD = gnu11;
				GCC_NO_COMMON_BLOCKS = YES;
				GCC_WARN_64_TO_32_BIT_CONVERSION = YES;
				GCC_WARN_ABOUT_RETURN_TYPE = YES_ERROR;
				GCC_WARN_UNDECLARED_SELECTOR = YES;
				GCC_WARN_UNINITIALIZED_AUTOS = YES_AGGRESSIVE;
				GCC_WARN_UNUSED_FUNCTION = YES;
				GCC_WARN_UNUSED_VARIABLE = YES;
				IPHONEOS_DEPLOYMENT_TARGET = 13.2;
				MTL_ENABLE_DEBUG_INFO = NO;
				MTL_FAST_MATH = YES;
				SDKROOT = iphoneos;
				VALIDATE_PRODUCT = YES;
			};
			name = Release;
		};
		37F20695246653620046E658 /* Debug */ = {
			isa = XCBuildConfiguration;
			buildSettings = {
				ASSETCATALOG_COMPILER_APPICON_NAME = AppIcon;
				CODE_SIGN_STYLE = Automatic;
				INFOPLIST_FILE = "OpenGLES-003/Info.plist";
				IPHONEOS_DEPLOYMENT_TARGET = 10.0;
				LD_RUNPATH_SEARCH_PATHS = (
					"$(inherited)",
					"@executable_path/Frameworks",
				);
				PRODUCT_BUNDLE_IDENTIFIER = "LingZhu.OpenGLES-003";
				PRODUCT_NAME = "$(TARGET_NAME)";
				TARGETED_DEVICE_FAMILY = 1;
			};
			name = Debug;
		};
		37F20696246653620046E658 /* Release */ = {
			isa = XCBuildConfiguration;
			buildSettings = {
				ASSETCATALOG_COMPILER_APPICON_NAME = AppIcon;
				CODE_SIGN_STYLE = Automatic;
				INFOPLIST_FILE = "OpenGLES-003/Info.plist";
				IPHONEOS_DEPLOYMENT_TARGET = 10.0;
				LD_RUNPATH_SEARCH_PATHS = (
					"$(inherited)",
					"@executable_path/Frameworks",
				);
				PRODUCT_BUNDLE_IDENTIFIER = "LingZhu.OpenGLES-003";
				PRODUCT_NAME = "$(TARGET_NAME)";
				TARGETED_DEVICE_FAMILY = 1;
			};
			name = Release;
		};
/* End XCBuildConfiguration section */

/* Begin XCConfigurationList section */
		37F20676246653610046E658 /* Build configuration list for PBXProject "OpenGLES-003" */ = {
			isa = XCConfigurationList;
			buildConfigurations = (
				37F20692246653620046E658 /* Debug */,
				37F20693246653620046E658 /* Release */,
			);
			defaultConfigurationIsVisible = 0;
			defaultConfigurationName = Release;
		};
		37F20694246653620046E658 /* Build configuration list for PBXNativeTarget "OpenGLES-003" */ = {
			isa = XCConfigurationList;
			buildConfigurations = (
				37F20695246653620046E658 /* Debug */,
				37F20696246653620046E658 /* Release */,
			);
			defaultConfigurationIsVisible = 0;
			defaultConfigurationName = Release;
		};
/* End XCConfigurationList section */
	};
	rootObject = 37F20673246653610046E658 /* Project object */;
}
